// !$*UTF8*$!
{
	archiveVersion = 1;
	classes = {
	};
	objectVersion = 56;
	objects = {

/* Begin PBXBuildFile section */
		021443012B09F75500CC1CCB /* AppDelegate.swift in Sources */ = {isa = PBXBuildFile; fileRef = 021443002B09F75500CC1CCB /* AppDelegate.swift */; };
		021443032B09F75500CC1CCB /* SceneDelegate.swift in Sources */ = {isa = PBXBuildFile; fileRef = 021443022B09F75500CC1CCB /* SceneDelegate.swift */; };
		0214430A2B09F75600CC1CCB /* Assets.xcassets in Resources */ = {isa = PBXBuildFile; fileRef = 021443092B09F75600CC1CCB /* Assets.xcassets */; };
		0214430D2B09F75600CC1CCB /* LaunchScreen.storyboard in Resources */ = {isa = PBXBuildFile; fileRef = 0214430B2B09F75600CC1CCB /* LaunchScreen.storyboard */; };
		021443222B09F75600CC1CCB /* orange_stock_iosUITests.swift in Sources */ = {isa = PBXBuildFile; fileRef = 021443212B09F75600CC1CCB /* orange_stock_iosUITests.swift */; };
		021443242B09F75600CC1CCB /* orange_stock_iosUITestsLaunchTests.swift in Sources */ = {isa = PBXBuildFile; fileRef = 021443232B09F75600CC1CCB /* orange_stock_iosUITestsLaunchTests.swift */; };
		02374CB72B1C1A4600EDB23D /* Token.swift in Sources */ = {isa = PBXBuildFile; fileRef = 02374CB62B1C1A4600EDB23D /* Token.swift */; };
		02374CB92B1C1AA400EDB23D /* OAuthAPIService.swift in Sources */ = {isa = PBXBuildFile; fileRef = 02374CB82B1C1AA400EDB23D /* OAuthAPIService.swift */; };
		02374CC12B1C40EF00EDB23D /* NetworkConfig.swift in Sources */ = {isa = PBXBuildFile; fileRef = 02374CC02B1C40EF00EDB23D /* NetworkConfig.swift */; };
		02374CC52B1C4E5900EDB23D /* UserDefaultsManager.swift in Sources */ = {isa = PBXBuildFile; fileRef = 02374CC42B1C4E5900EDB23D /* UserDefaultsManager.swift */; };
		023DF23B2B2EBBAF001FE9F4 /* LayoutProtocol.swift in Sources */ = {isa = PBXBuildFile; fileRef = 023DF23A2B2EBBAF001FE9F4 /* LayoutProtocol.swift */; };
		024CAA0A2B31A1CF00AE6C0E /* LoginViewModel.swift in Sources */ = {isa = PBXBuildFile; fileRef = 024CAA092B31A1CF00AE6C0E /* LoginViewModel.swift */; };
		024CAA0C2B31AE3400AE6C0E /* KeychainItemManager.swift in Sources */ = {isa = PBXBuildFile; fileRef = 024CAA0B2B31AE3400AE6C0E /* KeychainItemManager.swift */; };
		0257A6BE2B3334E400A119FF /* Observable.swift in Sources */ = {isa = PBXBuildFile; fileRef = 0257A6BD2B3334E400A119FF /* Observable.swift */; };
		0259EB8A2B333A230067A9D6 /* LoginViewModelTests.swift in Sources */ = {isa = PBXBuildFile; fileRef = 0259EB892B333A230067A9D6 /* LoginViewModelTests.swift */; };
		02AD5B472B4C132D00815827 /* AppleLoginHelper.swift in Sources */ = {isa = PBXBuildFile; fileRef = 02AD5B462B4C132D00815827 /* AppleLoginHelper.swift */; };
		02B391732B25A2650083CFB9 /* AppearanceManager.swift in Sources */ = {isa = PBXBuildFile; fileRef = 02B391722B25A2650083CFB9 /* AppearanceManager.swift */; };
		02B3AA132B1F4392003037EF /* AuthenticatorInterceptor.swift in Sources */ = {isa = PBXBuildFile; fileRef = 02B3AA122B1F4392003037EF /* AuthenticatorInterceptor.swift */; };
		02B6A89F2B520EEA0014F957 /* SettingViewModel.swift in Sources */ = {isa = PBXBuildFile; fileRef = 02B6A89E2B520EEA0014F957 /* SettingViewModel.swift */; };
		02B6A8A12B52962E0014F957 /* LoginValidator.swift in Sources */ = {isa = PBXBuildFile; fileRef = 02B6A8A02B52962E0014F957 /* LoginValidator.swift */; };
		02B71B0D2B50359B00BCEB78 /* AppleLoginHelperTests.swift in Sources */ = {isa = PBXBuildFile; fileRef = 02B71B0C2B50359B00BCEB78 /* AppleLoginHelperTests.swift */; };
		02BB92E42B35375500353603 /* AlertsUtils.swift in Sources */ = {isa = PBXBuildFile; fileRef = 02BB92E32B35375500353603 /* AlertsUtils.swift */; };
		02C6BEFA2B0CC99B00832BC7 /* FavoriteStockAdditionTableViewCell.swift in Sources */ = {isa = PBXBuildFile; fileRef = 02C6BEF92B0CC99B00832BC7 /* FavoriteStockAdditionTableViewCell.swift */; };
		02C813872B0F7AB400CCA68B /* Stock.swift in Sources */ = {isa = PBXBuildFile; fileRef = 02C813862B0F7AB400CCA68B /* Stock.swift */; };
		02C92BC92B16068C0076C37C /* String+NumberFormatter.swift in Sources */ = {isa = PBXBuildFile; fileRef = 02C92BC82B16068C0076C37C /* String+NumberFormatter.swift */; };
		02CEE6712B4163B80009C811 /* .swiftlint.yml in Resources */ = {isa = PBXBuildFile; fileRef = 02CEE6702B4163B80009C811 /* .swiftlint.yml */; };
		02CFFFE82B27514300E7FF0B /* SettingViewController.swift in Sources */ = {isa = PBXBuildFile; fileRef = 02CFFFE72B27514300E7FF0B /* SettingViewController.swift */; };
		02CFFFEA2B2753DE00E7FF0B /* UIColor+Convenience.swift in Sources */ = {isa = PBXBuildFile; fileRef = 02CFFFE92B2753DE00E7FF0B /* UIColor+Convenience.swift */; };
		02CFFFEC2B275ECA00E7FF0B /* AppearanceSettingViewController.swift in Sources */ = {isa = PBXBuildFile; fileRef = 02CFFFEB2B275ECA00E7FF0B /* AppearanceSettingViewController.swift */; };
		02D195D22B1E0A7600F4A060 /* OAuthAPI.swift in Sources */ = {isa = PBXBuildFile; fileRef = 02D195D12B1E0A7600F4A060 /* OAuthAPI.swift */; };
		02D625782B1C9FE700B51949 /* ResponseMessage.swift in Sources */ = {isa = PBXBuildFile; fileRef = 02D625772B1C9FE700B51949 /* ResponseMessage.swift */; };
		02E9D9DF2B1A2912008D1EC3 /* UIColor.swift in Sources */ = {isa = PBXBuildFile; fileRef = 02E9D9DE2B1A2912008D1EC3 /* UIColor.swift */; };
		02E9D9E12B1A2969008D1EC3 /* UIFont.swift in Sources */ = {isa = PBXBuildFile; fileRef = 02E9D9E02B1A2969008D1EC3 /* UIFont.swift */; };
		02EA1F222B2F28BB00BF2509 /* TokenRevokeResponse.swift in Sources */ = {isa = PBXBuildFile; fileRef = 02EA1F212B2F28BB00BF2509 /* TokenRevokeResponse.swift */; };
		02EA1F242B2F2E2C00BF2509 /* LoginViewController.swift in Sources */ = {isa = PBXBuildFile; fileRef = 02EA1F232B2F2E2C00BF2509 /* LoginViewController.swift */; };
		02FA12632B0B73A4006A546F /* FavoriteStockListViewController.swift in Sources */ = {isa = PBXBuildFile; fileRef = 02FA12622B0B73A4006A546F /* FavoriteStockListViewController.swift */; };
		02FA12672B0B742D006A546F /* SnapKit in Frameworks */ = {isa = PBXBuildFile; productRef = 02FA12662B0B742D006A546F /* SnapKit */; };
		02FA12692B0B7EBB006A546F /* FavoriteStockListTableViewCell.swift in Sources */ = {isa = PBXBuildFile; fileRef = 02FA12682B0B7EBB006A546F /* FavoriteStockListTableViewCell.swift */; };
		02FA126B2B0B870E006A546F /* FavoriteStockListHeaderView.swift in Sources */ = {isa = PBXBuildFile; fileRef = 02FA126A2B0B870E006A546F /* FavoriteStockListHeaderView.swift */; };
		30798426EB7E91258E4B05A7 /* Pods_orange_stock_ios.framework in Frameworks */ = {isa = PBXBuildFile; fileRef = AD75202A2D791DC06EEBB675 /* Pods_orange_stock_ios.framework */; };
		82F06AEA14DFEFC355E51958 /* Pods_orange_stock_iosTests.framework in Frameworks */ = {isa = PBXBuildFile; fileRef = 3EBAA139A92C1F85B5315EBA /* Pods_orange_stock_iosTests.framework */; };
		D89F9B91C4D6B352C2FFE8AD /* Pods_orange_stock_ios_orange_stock_iosUITests.framework in Frameworks */ = {isa = PBXBuildFile; fileRef = 8C6C894602E6149AABAFC668 /* Pods_orange_stock_ios_orange_stock_iosUITests.framework */; };
/* End PBXBuildFile section */

/* Begin PBXContainerItemProxy section */
		021443142B09F75600CC1CCB /* PBXContainerItemProxy */ = {
			isa = PBXContainerItemProxy;
			containerPortal = 021442F52B09F75500CC1CCB /* Project object */;
			proxyType = 1;
			remoteGlobalIDString = 021442FC2B09F75500CC1CCB;
			remoteInfo = "orange-stock-ios";
		};
		0214431E2B09F75600CC1CCB /* PBXContainerItemProxy */ = {
			isa = PBXContainerItemProxy;
			containerPortal = 021442F52B09F75500CC1CCB /* Project object */;
			proxyType = 1;
			remoteGlobalIDString = 021442FC2B09F75500CC1CCB;
			remoteInfo = "orange-stock-ios";
		};
/* End PBXContainerItemProxy section */

/* Begin PBXFileReference section */
		021442FD2B09F75500CC1CCB /* orange-stock-ios.app */ = {isa = PBXFileReference; explicitFileType = wrapper.application; includeInIndex = 0; path = "orange-stock-ios.app"; sourceTree = BUILT_PRODUCTS_DIR; };
		021443002B09F75500CC1CCB /* AppDelegate.swift */ = {isa = PBXFileReference; lastKnownFileType = sourcecode.swift; path = AppDelegate.swift; sourceTree = "<group>"; };
		021443022B09F75500CC1CCB /* SceneDelegate.swift */ = {isa = PBXFileReference; lastKnownFileType = sourcecode.swift; path = SceneDelegate.swift; sourceTree = "<group>"; };
		021443092B09F75600CC1CCB /* Assets.xcassets */ = {isa = PBXFileReference; lastKnownFileType = folder.assetcatalog; path = Assets.xcassets; sourceTree = "<group>"; };
		0214430C2B09F75600CC1CCB /* Base */ = {isa = PBXFileReference; lastKnownFileType = file.storyboard; name = Base; path = Base.lproj/LaunchScreen.storyboard; sourceTree = "<group>"; };
		0214430E2B09F75600CC1CCB /* Info.plist */ = {isa = PBXFileReference; lastKnownFileType = text.plist.xml; path = Info.plist; sourceTree = "<group>"; };
		021443132B09F75600CC1CCB /* orange-stock-iosTests.xctest */ = {isa = PBXFileReference; explicitFileType = wrapper.cfbundle; includeInIndex = 0; path = "orange-stock-iosTests.xctest"; sourceTree = BUILT_PRODUCTS_DIR; };
		0214431D2B09F75600CC1CCB /* orange-stock-iosUITests.xctest */ = {isa = PBXFileReference; explicitFileType = wrapper.cfbundle; includeInIndex = 0; path = "orange-stock-iosUITests.xctest"; sourceTree = BUILT_PRODUCTS_DIR; };
		021443212B09F75600CC1CCB /* orange_stock_iosUITests.swift */ = {isa = PBXFileReference; lastKnownFileType = sourcecode.swift; path = orange_stock_iosUITests.swift; sourceTree = "<group>"; };
		021443232B09F75600CC1CCB /* orange_stock_iosUITestsLaunchTests.swift */ = {isa = PBXFileReference; lastKnownFileType = sourcecode.swift; path = orange_stock_iosUITestsLaunchTests.swift; sourceTree = "<group>"; };
		02374CB62B1C1A4600EDB23D /* Token.swift */ = {isa = PBXFileReference; lastKnownFileType = sourcecode.swift; path = Token.swift; sourceTree = "<group>"; };
		02374CB82B1C1AA400EDB23D /* OAuthAPIService.swift */ = {isa = PBXFileReference; lastKnownFileType = sourcecode.swift; path = OAuthAPIService.swift; sourceTree = "<group>"; };
		02374CBA2B1C1BA600EDB23D /* Config.xcconfig */ = {isa = PBXFileReference; lastKnownFileType = text.xcconfig; path = Config.xcconfig; sourceTree = "<group>"; };
		02374CC02B1C40EF00EDB23D /* NetworkConfig.swift */ = {isa = PBXFileReference; lastKnownFileType = sourcecode.swift; path = NetworkConfig.swift; sourceTree = "<group>"; };
		02374CC42B1C4E5900EDB23D /* UserDefaultsManager.swift */ = {isa = PBXFileReference; lastKnownFileType = sourcecode.swift; path = UserDefaultsManager.swift; sourceTree = "<group>"; };
		023DF23A2B2EBBAF001FE9F4 /* LayoutProtocol.swift */ = {isa = PBXFileReference; lastKnownFileType = sourcecode.swift; path = LayoutProtocol.swift; sourceTree = "<group>"; };
		024CAA092B31A1CF00AE6C0E /* LoginViewModel.swift */ = {isa = PBXFileReference; lastKnownFileType = sourcecode.swift; path = LoginViewModel.swift; sourceTree = "<group>"; };
		024CAA0B2B31AE3400AE6C0E /* KeychainItemManager.swift */ = {isa = PBXFileReference; lastKnownFileType = sourcecode.swift; path = KeychainItemManager.swift; sourceTree = "<group>"; };
		0257A6BD2B3334E400A119FF /* Observable.swift */ = {isa = PBXFileReference; lastKnownFileType = sourcecode.swift; path = Observable.swift; sourceTree = "<group>"; };
		0259EB892B333A230067A9D6 /* LoginViewModelTests.swift */ = {isa = PBXFileReference; lastKnownFileType = sourcecode.swift; path = LoginViewModelTests.swift; sourceTree = "<group>"; };
		02AD5B462B4C132D00815827 /* AppleLoginHelper.swift */ = {isa = PBXFileReference; lastKnownFileType = sourcecode.swift; path = AppleLoginHelper.swift; sourceTree = "<group>"; };
		02B391722B25A2650083CFB9 /* AppearanceManager.swift */ = {isa = PBXFileReference; lastKnownFileType = sourcecode.swift; path = AppearanceManager.swift; sourceTree = "<group>"; };
		02B3AA122B1F4392003037EF /* AuthenticatorInterceptor.swift */ = {isa = PBXFileReference; lastKnownFileType = sourcecode.swift; path = AuthenticatorInterceptor.swift; sourceTree = "<group>"; };
		02B6A89E2B520EEA0014F957 /* SettingViewModel.swift */ = {isa = PBXFileReference; lastKnownFileType = sourcecode.swift; path = SettingViewModel.swift; sourceTree = "<group>"; };
		02B6A8A02B52962E0014F957 /* LoginValidator.swift */ = {isa = PBXFileReference; lastKnownFileType = sourcecode.swift; path = LoginValidator.swift; sourceTree = "<group>"; };
		02B71B0C2B50359B00BCEB78 /* AppleLoginHelperTests.swift */ = {isa = PBXFileReference; lastKnownFileType = sourcecode.swift; path = AppleLoginHelperTests.swift; sourceTree = "<group>"; };
		02BB92E32B35375500353603 /* AlertsUtils.swift */ = {isa = PBXFileReference; lastKnownFileType = sourcecode.swift; path = AlertsUtils.swift; sourceTree = "<group>"; };
		02C6BEF92B0CC99B00832BC7 /* FavoriteStockAdditionTableViewCell.swift */ = {isa = PBXFileReference; lastKnownFileType = sourcecode.swift; path = FavoriteStockAdditionTableViewCell.swift; sourceTree = "<group>"; };
		02C813862B0F7AB400CCA68B /* Stock.swift */ = {isa = PBXFileReference; lastKnownFileType = sourcecode.swift; path = Stock.swift; sourceTree = "<group>"; };
		02C92BC82B16068C0076C37C /* String+NumberFormatter.swift */ = {isa = PBXFileReference; lastKnownFileType = sourcecode.swift; path = "String+NumberFormatter.swift"; sourceTree = "<group>"; };
		02CEE6702B4163B80009C811 /* .swiftlint.yml */ = {isa = PBXFileReference; lastKnownFileType = text.yaml; path = .swiftlint.yml; sourceTree = "<group>"; };
		02CFFFE72B27514300E7FF0B /* SettingViewController.swift */ = {isa = PBXFileReference; lastKnownFileType = sourcecode.swift; path = SettingViewController.swift; sourceTree = "<group>"; };
		02CFFFE92B2753DE00E7FF0B /* UIColor+Convenience.swift */ = {isa = PBXFileReference; lastKnownFileType = sourcecode.swift; path = "UIColor+Convenience.swift"; sourceTree = "<group>"; };
		02CFFFEB2B275ECA00E7FF0B /* AppearanceSettingViewController.swift */ = {isa = PBXFileReference; lastKnownFileType = sourcecode.swift; path = AppearanceSettingViewController.swift; sourceTree = "<group>"; };
		02D195D12B1E0A7600F4A060 /* OAuthAPI.swift */ = {isa = PBXFileReference; lastKnownFileType = sourcecode.swift; path = OAuthAPI.swift; sourceTree = "<group>"; };
		02D625772B1C9FE700B51949 /* ResponseMessage.swift */ = {isa = PBXFileReference; lastKnownFileType = sourcecode.swift; path = ResponseMessage.swift; sourceTree = "<group>"; };
		02E9D9DE2B1A2912008D1EC3 /* UIColor.swift */ = {isa = PBXFileReference; lastKnownFileType = sourcecode.swift; path = UIColor.swift; sourceTree = "<group>"; };
		02E9D9E02B1A2969008D1EC3 /* UIFont.swift */ = {isa = PBXFileReference; lastKnownFileType = sourcecode.swift; path = UIFont.swift; sourceTree = "<group>"; };
		02EA1F212B2F28BB00BF2509 /* TokenRevokeResponse.swift */ = {isa = PBXFileReference; lastKnownFileType = sourcecode.swift; path = TokenRevokeResponse.swift; sourceTree = "<group>"; };
		02EA1F232B2F2E2C00BF2509 /* LoginViewController.swift */ = {isa = PBXFileReference; lastKnownFileType = sourcecode.swift; path = LoginViewController.swift; sourceTree = "<group>"; };
		02EA1F252B2F307300BF2509 /* orange-stock-ios.entitlements */ = {isa = PBXFileReference; lastKnownFileType = text.plist.entitlements; path = "orange-stock-ios.entitlements"; sourceTree = "<group>"; };
		02FA12622B0B73A4006A546F /* FavoriteStockListViewController.swift */ = {isa = PBXFileReference; lastKnownFileType = sourcecode.swift; path = FavoriteStockListViewController.swift; sourceTree = "<group>"; };
		02FA12682B0B7EBB006A546F /* FavoriteStockListTableViewCell.swift */ = {isa = PBXFileReference; lastKnownFileType = sourcecode.swift; path = FavoriteStockListTableViewCell.swift; sourceTree = "<group>"; };
		02FA126A2B0B870E006A546F /* FavoriteStockListHeaderView.swift */ = {isa = PBXFileReference; lastKnownFileType = sourcecode.swift; path = FavoriteStockListHeaderView.swift; sourceTree = "<group>"; };
		12590DDF035F1CCC712EAF1D /* Pods-orange-stock-ios-orange-stock-iosUITests.release.xcconfig */ = {isa = PBXFileReference; includeInIndex = 1; lastKnownFileType = text.xcconfig; name = "Pods-orange-stock-ios-orange-stock-iosUITests.release.xcconfig"; path = "Target Support Files/Pods-orange-stock-ios-orange-stock-iosUITests/Pods-orange-stock-ios-orange-stock-iosUITests.release.xcconfig"; sourceTree = "<group>"; };
		3EBAA139A92C1F85B5315EBA /* Pods_orange_stock_iosTests.framework */ = {isa = PBXFileReference; explicitFileType = wrapper.framework; includeInIndex = 0; path = Pods_orange_stock_iosTests.framework; sourceTree = BUILT_PRODUCTS_DIR; };
		67E0B260897EFE72E68C0148 /* Pods-orange-stock-ios.release.xcconfig */ = {isa = PBXFileReference; includeInIndex = 1; lastKnownFileType = text.xcconfig; name = "Pods-orange-stock-ios.release.xcconfig"; path = "Target Support Files/Pods-orange-stock-ios/Pods-orange-stock-ios.release.xcconfig"; sourceTree = "<group>"; };
		728728E6E12F342350A9A962 /* Pods-orange-stock-ios-orange-stock-iosUITests.debug.xcconfig */ = {isa = PBXFileReference; includeInIndex = 1; lastKnownFileType = text.xcconfig; name = "Pods-orange-stock-ios-orange-stock-iosUITests.debug.xcconfig"; path = "Target Support Files/Pods-orange-stock-ios-orange-stock-iosUITests/Pods-orange-stock-ios-orange-stock-iosUITests.debug.xcconfig"; sourceTree = "<group>"; };
		74FB07840A70C203835051BF /* Pods-orange-stock-iosTests.release.xcconfig */ = {isa = PBXFileReference; includeInIndex = 1; lastKnownFileType = text.xcconfig; name = "Pods-orange-stock-iosTests.release.xcconfig"; path = "Target Support Files/Pods-orange-stock-iosTests/Pods-orange-stock-iosTests.release.xcconfig"; sourceTree = "<group>"; };
		850528631D9B8315C2651EDD /* Pods-orange-stock-ios.debug.xcconfig */ = {isa = PBXFileReference; includeInIndex = 1; lastKnownFileType = text.xcconfig; name = "Pods-orange-stock-ios.debug.xcconfig"; path = "Target Support Files/Pods-orange-stock-ios/Pods-orange-stock-ios.debug.xcconfig"; sourceTree = "<group>"; };
		8C6C894602E6149AABAFC668 /* Pods_orange_stock_ios_orange_stock_iosUITests.framework */ = {isa = PBXFileReference; explicitFileType = wrapper.framework; includeInIndex = 0; path = Pods_orange_stock_ios_orange_stock_iosUITests.framework; sourceTree = BUILT_PRODUCTS_DIR; };
		9D00F96417C61B7A8EA24CB3 /* Pods-orange-stock-iosTests.debug.xcconfig */ = {isa = PBXFileReference; includeInIndex = 1; lastKnownFileType = text.xcconfig; name = "Pods-orange-stock-iosTests.debug.xcconfig"; path = "Target Support Files/Pods-orange-stock-iosTests/Pods-orange-stock-iosTests.debug.xcconfig"; sourceTree = "<group>"; };
		AD75202A2D791DC06EEBB675 /* Pods_orange_stock_ios.framework */ = {isa = PBXFileReference; explicitFileType = wrapper.framework; includeInIndex = 0; path = Pods_orange_stock_ios.framework; sourceTree = BUILT_PRODUCTS_DIR; };
/* End PBXFileReference section */

/* Begin PBXFrameworksBuildPhase section */
		021442FA2B09F75500CC1CCB /* Frameworks */ = {
			isa = PBXFrameworksBuildPhase;
			buildActionMask = 2147483647;
			files = (
				02FA12672B0B742D006A546F /* SnapKit in Frameworks */,
				30798426EB7E91258E4B05A7 /* Pods_orange_stock_ios.framework in Frameworks */,
			);
			runOnlyForDeploymentPostprocessing = 0;
		};
		021443102B09F75600CC1CCB /* Frameworks */ = {
			isa = PBXFrameworksBuildPhase;
			buildActionMask = 2147483647;
			files = (
				82F06AEA14DFEFC355E51958 /* Pods_orange_stock_iosTests.framework in Frameworks */,
			);
			runOnlyForDeploymentPostprocessing = 0;
		};
		0214431A2B09F75600CC1CCB /* Frameworks */ = {
			isa = PBXFrameworksBuildPhase;
			buildActionMask = 2147483647;
			files = (
				D89F9B91C4D6B352C2FFE8AD /* Pods_orange_stock_ios_orange_stock_iosUITests.framework in Frameworks */,
			);
			runOnlyForDeploymentPostprocessing = 0;
		};
/* End PBXFrameworksBuildPhase section */

/* Begin PBXGroup section */
		021442F42B09F75500CC1CCB = {
			isa = PBXGroup;
			children = (
				02CEE6702B4163B80009C811 /* .swiftlint.yml */,
				021442FF2B09F75500CC1CCB /* orange-stock-ios */,
				021443162B09F75600CC1CCB /* orange-stock-iosTests */,
				021443202B09F75600CC1CCB /* orange-stock-iosUITests */,
				021442FE2B09F75500CC1CCB /* Products */,
				710A49B219CF1919B0B3FF71 /* Pods */,
				24AC7C540D7EE7B832B44F08 /* Frameworks */,
			);
			sourceTree = "<group>";
		};
		021442FE2B09F75500CC1CCB /* Products */ = {
			isa = PBXGroup;
			children = (
				021442FD2B09F75500CC1CCB /* orange-stock-ios.app */,
				021443132B09F75600CC1CCB /* orange-stock-iosTests.xctest */,
				0214431D2B09F75600CC1CCB /* orange-stock-iosUITests.xctest */,
			);
			name = Products;
			sourceTree = "<group>";
		};
		021442FF2B09F75500CC1CCB /* orange-stock-ios */ = {
			isa = PBXGroup;
			children = (
				02EA1F252B2F307300BF2509 /* orange-stock-ios.entitlements */,
				02374CB12B1C136600EDB23D /* LifeCycles */,
				02374CBF2B1C40D600EDB23D /* Configs */,
				02AD5B482B4C15BE00815827 /* Helpers */,
				02374CC62B1C4E5C00EDB23D /* Managers */,
				02374CC22B1C496D00EDB23D /* Network */,
				023DF2392B2EBB85001FE9F4 /* Protocols */,
				02F0A8DD2B13196600D37083 /* Models */,
				02374CC32B1C4DBE00EDB23D /* ViewModels */,
				02374CB22B1C138000EDB23D /* Controllers */,
				02FA12642B0B73E5006A546F /* Views */,
				02C92BC72B1606540076C37C /* Utilities */,
				021443092B09F75600CC1CCB /* Assets.xcassets */,
				0214430B2B09F75600CC1CCB /* LaunchScreen.storyboard */,
				0214430E2B09F75600CC1CCB /* Info.plist */,
			);
			path = "orange-stock-ios";
			sourceTree = "<group>";
		};
		021443162B09F75600CC1CCB /* orange-stock-iosTests */ = {
			isa = PBXGroup;
			children = (
				0259EB892B333A230067A9D6 /* LoginViewModelTests.swift */,
				02B71B0C2B50359B00BCEB78 /* AppleLoginHelperTests.swift */,
			);
			path = "orange-stock-iosTests";
			sourceTree = "<group>";
		};
		021443202B09F75600CC1CCB /* orange-stock-iosUITests */ = {
			isa = PBXGroup;
			children = (
				021443212B09F75600CC1CCB /* orange_stock_iosUITests.swift */,
				021443232B09F75600CC1CCB /* orange_stock_iosUITestsLaunchTests.swift */,
			);
			path = "orange-stock-iosUITests";
			sourceTree = "<group>";
		};
		02374CB12B1C136600EDB23D /* LifeCycles */ = {
			isa = PBXGroup;
			children = (
				021443002B09F75500CC1CCB /* AppDelegate.swift */,
				021443022B09F75500CC1CCB /* SceneDelegate.swift */,
			);
			path = LifeCycles;
			sourceTree = "<group>";
		};
		02374CB22B1C138000EDB23D /* Controllers */ = {
			isa = PBXGroup;
			children = (
				02EA1F232B2F2E2C00BF2509 /* LoginViewController.swift */,
				02FA12622B0B73A4006A546F /* FavoriteStockListViewController.swift */,
				02CFFFE72B27514300E7FF0B /* SettingViewController.swift */,
				02CFFFEB2B275ECA00E7FF0B /* AppearanceSettingViewController.swift */,
			);
			path = Controllers;
			sourceTree = "<group>";
		};
		02374CB32B1C13AF00EDB23D /* Utils */ = {
			isa = PBXGroup;
			children = (
				0257A6BD2B3334E400A119FF /* Observable.swift */,
				02BB92E32B35375500353603 /* AlertsUtils.swift */,
			);
			path = Utils;
			sourceTree = "<group>";
		};
		02374CB42B1C13DE00EDB23D /* Extenstions */ = {
			isa = PBXGroup;
			children = (
				02C92BC82B16068C0076C37C /* String+NumberFormatter.swift */,
				02E9D9E02B1A2969008D1EC3 /* UIFont.swift */,
				02E9D9DE2B1A2912008D1EC3 /* UIColor.swift */,
				02CFFFE92B2753DE00E7FF0B /* UIColor+Convenience.swift */,
			);
			path = Extenstions;
			sourceTree = "<group>";
		};
		02374CB52B1C13F900EDB23D /* Services */ = {
			isa = PBXGroup;
			children = (
				02374CB82B1C1AA400EDB23D /* OAuthAPIService.swift */,
			);
			path = Services;
			sourceTree = "<group>";
		};
		02374CBF2B1C40D600EDB23D /* Configs */ = {
			isa = PBXGroup;
			children = (
				02374CBA2B1C1BA600EDB23D /* Config.xcconfig */,
				02374CC02B1C40EF00EDB23D /* NetworkConfig.swift */,
			);
			path = Configs;
			sourceTree = "<group>";
		};
		02374CC22B1C496D00EDB23D /* Network */ = {
			isa = PBXGroup;
			children = (
				02D195D02B1E0A5F00F4A060 /* API */,
				02374CB52B1C13F900EDB23D /* Services */,
				02BA92AE2B1F6AEF0093EECA /* Interceptor */,
			);
			path = Network;
			sourceTree = "<group>";
		};
		02374CC32B1C4DBE00EDB23D /* ViewModels */ = {
			isa = PBXGroup;
			children = (
				024CAA092B31A1CF00AE6C0E /* LoginViewModel.swift */,
				02B6A89E2B520EEA0014F957 /* SettingViewModel.swift */,
			);
			path = ViewModels;
			sourceTree = "<group>";
		};
		02374CC62B1C4E5C00EDB23D /* Managers */ = {
			isa = PBXGroup;
			children = (
				02374CC42B1C4E5900EDB23D /* UserDefaultsManager.swift */,
				02B391722B25A2650083CFB9 /* AppearanceManager.swift */,
				024CAA0B2B31AE3400AE6C0E /* KeychainItemManager.swift */,
			);
			path = Managers;
			sourceTree = "<group>";
		};
		023DF2392B2EBB85001FE9F4 /* Protocols */ = {
			isa = PBXGroup;
			children = (
				023DF23A2B2EBBAF001FE9F4 /* LayoutProtocol.swift */,
			);
			path = Protocols;
			sourceTree = "<group>";
		};
		02AD5B482B4C15BE00815827 /* Helpers */ = {
			isa = PBXGroup;
			children = (
				02AD5B462B4C132D00815827 /* AppleLoginHelper.swift */,
				02B6A8A02B52962E0014F957 /* LoginValidator.swift */,
			);
			path = Helpers;
			sourceTree = "<group>";
		};
		02BA92AE2B1F6AEF0093EECA /* Interceptor */ = {
			isa = PBXGroup;
			children = (
				02B3AA122B1F4392003037EF /* AuthenticatorInterceptor.swift */,
			);
			path = Interceptor;
			sourceTree = "<group>";
		};
		02C92BC72B1606540076C37C /* Utilities */ = {
			isa = PBXGroup;
			children = (
				02374CB32B1C13AF00EDB23D /* Utils */,
				02374CB42B1C13DE00EDB23D /* Extenstions */,
			);
			path = Utilities;
			sourceTree = "<group>";
		};
		02D195D02B1E0A5F00F4A060 /* API */ = {
			isa = PBXGroup;
			children = (
				02D195D12B1E0A7600F4A060 /* OAuthAPI.swift */,
			);
			path = API;
			sourceTree = "<group>";
		};
		02F0A8DD2B13196600D37083 /* Models */ = {
			isa = PBXGroup;
			children = (
				02374CB62B1C1A4600EDB23D /* Token.swift */,
				02C813862B0F7AB400CCA68B /* Stock.swift */,
				02D625772B1C9FE700B51949 /* ResponseMessage.swift */,
				02EA1F212B2F28BB00BF2509 /* TokenRevokeResponse.swift */,
			);
			path = Models;
			sourceTree = "<group>";
		};
		02FA12642B0B73E5006A546F /* Views */ = {
			isa = PBXGroup;
			children = (
				02FA126A2B0B870E006A546F /* FavoriteStockListHeaderView.swift */,
				02FA12682B0B7EBB006A546F /* FavoriteStockListTableViewCell.swift */,
				02C6BEF92B0CC99B00832BC7 /* FavoriteStockAdditionTableViewCell.swift */,
			);
			path = Views;
			sourceTree = "<group>";
		};
		24AC7C540D7EE7B832B44F08 /* Frameworks */ = {
			isa = PBXGroup;
			children = (
				AD75202A2D791DC06EEBB675 /* Pods_orange_stock_ios.framework */,
				8C6C894602E6149AABAFC668 /* Pods_orange_stock_ios_orange_stock_iosUITests.framework */,
				3EBAA139A92C1F85B5315EBA /* Pods_orange_stock_iosTests.framework */,
			);
			name = Frameworks;
			sourceTree = "<group>";
		};
		710A49B219CF1919B0B3FF71 /* Pods */ = {
			isa = PBXGroup;
			children = (
				850528631D9B8315C2651EDD /* Pods-orange-stock-ios.debug.xcconfig */,
				67E0B260897EFE72E68C0148 /* Pods-orange-stock-ios.release.xcconfig */,
				728728E6E12F342350A9A962 /* Pods-orange-stock-ios-orange-stock-iosUITests.debug.xcconfig */,
				12590DDF035F1CCC712EAF1D /* Pods-orange-stock-ios-orange-stock-iosUITests.release.xcconfig */,
				9D00F96417C61B7A8EA24CB3 /* Pods-orange-stock-iosTests.debug.xcconfig */,
				74FB07840A70C203835051BF /* Pods-orange-stock-iosTests.release.xcconfig */,
			);
			path = Pods;
			sourceTree = "<group>";
		};
/* End PBXGroup section */

/* Begin PBXNativeTarget section */
		021442FC2B09F75500CC1CCB /* orange-stock-ios */ = {
			isa = PBXNativeTarget;
			buildConfigurationList = 021443272B09F75600CC1CCB /* Build configuration list for PBXNativeTarget "orange-stock-ios" */;
			buildPhases = (
				DFAC733BBB0CC1EC5DEB6BBA /* [CP] Check Pods Manifest.lock */,
				02CEE66F2B41634D0009C811 /* SwiftLint Script */,
				021442F92B09F75500CC1CCB /* Sources */,
				021442FA2B09F75500CC1CCB /* Frameworks */,
				021442FB2B09F75500CC1CCB /* Resources */,
				320558901707EBEFA9395045 /* [CP] Embed Pods Frameworks */,
			);
			buildRules = (
			);
			dependencies = (
			);
			name = "orange-stock-ios";
			packageProductDependencies = (
				02FA12662B0B742D006A546F /* SnapKit */,
			);
			productName = "orange-stock-ios";
			productReference = 021442FD2B09F75500CC1CCB /* orange-stock-ios.app */;
			productType = "com.apple.product-type.application";
		};
		021443122B09F75600CC1CCB /* orange-stock-iosTests */ = {
			isa = PBXNativeTarget;
			buildConfigurationList = 0214432A2B09F75600CC1CCB /* Build configuration list for PBXNativeTarget "orange-stock-iosTests" */;
			buildPhases = (
				232D7922573A166AFC8FBB7C /* [CP] Check Pods Manifest.lock */,
				0214430F2B09F75600CC1CCB /* Sources */,
				021443102B09F75600CC1CCB /* Frameworks */,
				021443112B09F75600CC1CCB /* Resources */,
			);
			buildRules = (
			);
			dependencies = (
				021443152B09F75600CC1CCB /* PBXTargetDependency */,
			);
			name = "orange-stock-iosTests";
			productName = "orange-stock-iosTests";
			productReference = 021443132B09F75600CC1CCB /* orange-stock-iosTests.xctest */;
			productType = "com.apple.product-type.bundle.unit-test";
		};
		0214431C2B09F75600CC1CCB /* orange-stock-iosUITests */ = {
			isa = PBXNativeTarget;
			buildConfigurationList = 0214432D2B09F75600CC1CCB /* Build configuration list for PBXNativeTarget "orange-stock-iosUITests" */;
			buildPhases = (
				18095CCA2819A81FEDDDFB9D /* [CP] Check Pods Manifest.lock */,
				021443192B09F75600CC1CCB /* Sources */,
				0214431A2B09F75600CC1CCB /* Frameworks */,
				0214431B2B09F75600CC1CCB /* Resources */,
				1EE15C8A38A25F47E3FB7A92 /* [CP] Embed Pods Frameworks */,
			);
			buildRules = (
			);
			dependencies = (
				0214431F2B09F75600CC1CCB /* PBXTargetDependency */,
			);
			name = "orange-stock-iosUITests";
			productName = "orange-stock-iosUITests";
			productReference = 0214431D2B09F75600CC1CCB /* orange-stock-iosUITests.xctest */;
			productType = "com.apple.product-type.bundle.ui-testing";
		};
/* End PBXNativeTarget section */

/* Begin PBXProject section */
		021442F52B09F75500CC1CCB /* Project object */ = {
			isa = PBXProject;
			attributes = {
				BuildIndependentTargetsInParallel = 1;
				LastSwiftUpdateCheck = 1420;
				LastUpgradeCheck = 1420;
				TargetAttributes = {
					021442FC2B09F75500CC1CCB = {
						CreatedOnToolsVersion = 14.2;
					};
					021443122B09F75600CC1CCB = {
						CreatedOnToolsVersion = 14.2;
						TestTargetID = 021442FC2B09F75500CC1CCB;
					};
					0214431C2B09F75600CC1CCB = {
						CreatedOnToolsVersion = 14.2;
						TestTargetID = 021442FC2B09F75500CC1CCB;
					};
				};
			};
			buildConfigurationList = 021442F82B09F75500CC1CCB /* Build configuration list for PBXProject "orange-stock-ios" */;
			compatibilityVersion = "Xcode 14.0";
			developmentRegion = en;
			hasScannedForEncodings = 0;
			knownRegions = (
				en,
				Base,
			);
			mainGroup = 021442F42B09F75500CC1CCB;
			packageReferences = (
				02FA12652B0B742D006A546F /* XCRemoteSwiftPackageReference "SnapKit" */,
			);
			productRefGroup = 021442FE2B09F75500CC1CCB /* Products */;
			projectDirPath = "";
			projectRoot = "";
			targets = (
				021442FC2B09F75500CC1CCB /* orange-stock-ios */,
				021443122B09F75600CC1CCB /* orange-stock-iosTests */,
				0214431C2B09F75600CC1CCB /* orange-stock-iosUITests */,
			);
		};
/* End PBXProject section */

/* Begin PBXResourcesBuildPhase section */
		021442FB2B09F75500CC1CCB /* Resources */ = {
			isa = PBXResourcesBuildPhase;
			buildActionMask = 2147483647;
			files = (
				02CEE6712B4163B80009C811 /* .swiftlint.yml in Resources */,
				0214430D2B09F75600CC1CCB /* LaunchScreen.storyboard in Resources */,
				0214430A2B09F75600CC1CCB /* Assets.xcassets in Resources */,
			);
			runOnlyForDeploymentPostprocessing = 0;
		};
		021443112B09F75600CC1CCB /* Resources */ = {
			isa = PBXResourcesBuildPhase;
			buildActionMask = 2147483647;
			files = (
			);
			runOnlyForDeploymentPostprocessing = 0;
		};
		0214431B2B09F75600CC1CCB /* Resources */ = {
			isa = PBXResourcesBuildPhase;
			buildActionMask = 2147483647;
			files = (
			);
			runOnlyForDeploymentPostprocessing = 0;
		};
/* End PBXResourcesBuildPhase section */

/* Begin PBXShellScriptBuildPhase section */
		02CEE66F2B41634D0009C811 /* SwiftLint Script */ = {
			isa = PBXShellScriptBuildPhase;
			alwaysOutOfDate = 1;
			buildActionMask = 12;
			files = (
			);
			inputFileListPaths = (
			);
			inputPaths = (
			);
			name = "SwiftLint Script";
			outputFileListPaths = (
			);
			outputPaths = (
			);
			runOnlyForDeploymentPostprocessing = 0;
			shellPath = /bin/sh;
			shellScript = "export PATH=\"$PATH:/opt/homebrew/bin\"\nif which swiftlint >/dev/null; then\n    swiftlint\nelse \n    echo \"[warning] SwiftLint not installed, download using `brew install swiftlint`\"\nfi\n";
		};
		18095CCA2819A81FEDDDFB9D /* [CP] Check Pods Manifest.lock */ = {
			isa = PBXShellScriptBuildPhase;
			buildActionMask = 2147483647;
			files = (
			);
			inputFileListPaths = (
			);
			inputPaths = (
				"${PODS_PODFILE_DIR_PATH}/Podfile.lock",
				"${PODS_ROOT}/Manifest.lock",
			);
			name = "[CP] Check Pods Manifest.lock";
			outputFileListPaths = (
			);
			outputPaths = (
				"$(DERIVED_FILE_DIR)/Pods-orange-stock-ios-orange-stock-iosUITests-checkManifestLockResult.txt",
			);
			runOnlyForDeploymentPostprocessing = 0;
			shellPath = /bin/sh;
			shellScript = "diff \"${PODS_PODFILE_DIR_PATH}/Podfile.lock\" \"${PODS_ROOT}/Manifest.lock\" > /dev/null\nif [ $? != 0 ] ; then\n    # print error to STDERR\n    echo \"error: The sandbox is not in sync with the Podfile.lock. Run 'pod install' or update your CocoaPods installation.\" >&2\n    exit 1\nfi\n# This output is used by Xcode 'outputs' to avoid re-running this script phase.\necho \"SUCCESS\" > \"${SCRIPT_OUTPUT_FILE_0}\"\n";
			showEnvVarsInLog = 0;
		};
		1EE15C8A38A25F47E3FB7A92 /* [CP] Embed Pods Frameworks */ = {
			isa = PBXShellScriptBuildPhase;
			buildActionMask = 2147483647;
			files = (
			);
			inputFileListPaths = (
				"${PODS_ROOT}/Target Support Files/Pods-orange-stock-ios-orange-stock-iosUITests/Pods-orange-stock-ios-orange-stock-iosUITests-frameworks-${CONFIGURATION}-input-files.xcfilelist",
			);
			name = "[CP] Embed Pods Frameworks";
			outputFileListPaths = (
				"${PODS_ROOT}/Target Support Files/Pods-orange-stock-ios-orange-stock-iosUITests/Pods-orange-stock-ios-orange-stock-iosUITests-frameworks-${CONFIGURATION}-output-files.xcfilelist",
			);
			runOnlyForDeploymentPostprocessing = 0;
			shellPath = /bin/sh;
			shellScript = "\"${PODS_ROOT}/Target Support Files/Pods-orange-stock-ios-orange-stock-iosUITests/Pods-orange-stock-ios-orange-stock-iosUITests-frameworks.sh\"\n";
			showEnvVarsInLog = 0;
		};
		232D7922573A166AFC8FBB7C /* [CP] Check Pods Manifest.lock */ = {
			isa = PBXShellScriptBuildPhase;
			buildActionMask = 2147483647;
			files = (
			);
			inputFileListPaths = (
			);
			inputPaths = (
				"${PODS_PODFILE_DIR_PATH}/Podfile.lock",
				"${PODS_ROOT}/Manifest.lock",
			);
			name = "[CP] Check Pods Manifest.lock";
			outputFileListPaths = (
			);
			outputPaths = (
				"$(DERIVED_FILE_DIR)/Pods-orange-stock-iosTests-checkManifestLockResult.txt",
			);
			runOnlyForDeploymentPostprocessing = 0;
			shellPath = /bin/sh;
			shellScript = "diff \"${PODS_PODFILE_DIR_PATH}/Podfile.lock\" \"${PODS_ROOT}/Manifest.lock\" > /dev/null\nif [ $? != 0 ] ; then\n    # print error to STDERR\n    echo \"error: The sandbox is not in sync with the Podfile.lock. Run 'pod install' or update your CocoaPods installation.\" >&2\n    exit 1\nfi\n# This output is used by Xcode 'outputs' to avoid re-running this script phase.\necho \"SUCCESS\" > \"${SCRIPT_OUTPUT_FILE_0}\"\n";
			showEnvVarsInLog = 0;
		};
		320558901707EBEFA9395045 /* [CP] Embed Pods Frameworks */ = {
			isa = PBXShellScriptBuildPhase;
			buildActionMask = 2147483647;
			files = (
			);
			inputFileListPaths = (
				"${PODS_ROOT}/Target Support Files/Pods-orange-stock-ios/Pods-orange-stock-ios-frameworks-${CONFIGURATION}-input-files.xcfilelist",
			);
			name = "[CP] Embed Pods Frameworks";
			outputFileListPaths = (
				"${PODS_ROOT}/Target Support Files/Pods-orange-stock-ios/Pods-orange-stock-ios-frameworks-${CONFIGURATION}-output-files.xcfilelist",
			);
			runOnlyForDeploymentPostprocessing = 0;
			shellPath = /bin/sh;
			shellScript = "\"${PODS_ROOT}/Target Support Files/Pods-orange-stock-ios/Pods-orange-stock-ios-frameworks.sh\"\n";
			showEnvVarsInLog = 0;
		};
		DFAC733BBB0CC1EC5DEB6BBA /* [CP] Check Pods Manifest.lock */ = {
			isa = PBXShellScriptBuildPhase;
			buildActionMask = 2147483647;
			files = (
			);
			inputFileListPaths = (
			);
			inputPaths = (
				"${PODS_PODFILE_DIR_PATH}/Podfile.lock",
				"${PODS_ROOT}/Manifest.lock",
			);
			name = "[CP] Check Pods Manifest.lock";
			outputFileListPaths = (
			);
			outputPaths = (
				"$(DERIVED_FILE_DIR)/Pods-orange-stock-ios-checkManifestLockResult.txt",
			);
			runOnlyForDeploymentPostprocessing = 0;
			shellPath = /bin/sh;
			shellScript = "diff \"${PODS_PODFILE_DIR_PATH}/Podfile.lock\" \"${PODS_ROOT}/Manifest.lock\" > /dev/null\nif [ $? != 0 ] ; then\n    # print error to STDERR\n    echo \"error: The sandbox is not in sync with the Podfile.lock. Run 'pod install' or update your CocoaPods installation.\" >&2\n    exit 1\nfi\n# This output is used by Xcode 'outputs' to avoid re-running this script phase.\necho \"SUCCESS\" > \"${SCRIPT_OUTPUT_FILE_0}\"\n";
			showEnvVarsInLog = 0;
		};
/* End PBXShellScriptBuildPhase section */

/* Begin PBXSourcesBuildPhase section */
		021442F92B09F75500CC1CCB /* Sources */ = {
			isa = PBXSourcesBuildPhase;
			buildActionMask = 2147483647;
			files = (
				02FA126B2B0B870E006A546F /* FavoriteStockListHeaderView.swift in Sources */,
				023DF23B2B2EBBAF001FE9F4 /* LayoutProtocol.swift in Sources */,
				02C6BEFA2B0CC99B00832BC7 /* FavoriteStockAdditionTableViewCell.swift in Sources */,
				02374CC12B1C40EF00EDB23D /* NetworkConfig.swift in Sources */,
				02FA12632B0B73A4006A546F /* FavoriteStockListViewController.swift in Sources */,
				02374CB92B1C1AA400EDB23D /* OAuthAPIService.swift in Sources */,
				02CFFFEC2B275ECA00E7FF0B /* AppearanceSettingViewController.swift in Sources */,
				02EA1F222B2F28BB00BF2509 /* TokenRevokeResponse.swift in Sources */,
				02AD5B472B4C132D00815827 /* AppleLoginHelper.swift in Sources */,
				02BB92E42B35375500353603 /* AlertsUtils.swift in Sources */,
				021443012B09F75500CC1CCB /* AppDelegate.swift in Sources */,
				02B6A8A12B52962E0014F957 /* LoginValidator.swift in Sources */,
				02C92BC92B16068C0076C37C /* String+NumberFormatter.swift in Sources */,
				02D625782B1C9FE700B51949 /* ResponseMessage.swift in Sources */,
				02CFFFEA2B2753DE00E7FF0B /* UIColor+Convenience.swift in Sources */,
				02EA1F242B2F2E2C00BF2509 /* LoginViewController.swift in Sources */,
				0257A6BE2B3334E400A119FF /* Observable.swift in Sources */,
				024CAA0A2B31A1CF00AE6C0E /* LoginViewModel.swift in Sources */,
				02B391732B25A2650083CFB9 /* AppearanceManager.swift in Sources */,
				02E9D9DF2B1A2912008D1EC3 /* UIColor.swift in Sources */,
				02374CB72B1C1A4600EDB23D /* Token.swift in Sources */,
				02B3AA132B1F4392003037EF /* AuthenticatorInterceptor.swift in Sources */,
				02E9D9E12B1A2969008D1EC3 /* UIFont.swift in Sources */,
				02374CC52B1C4E5900EDB23D /* UserDefaultsManager.swift in Sources */,
				02D195D22B1E0A7600F4A060 /* OAuthAPI.swift in Sources */,
				02FA12692B0B7EBB006A546F /* FavoriteStockListTableViewCell.swift in Sources */,
				02B6A89F2B520EEA0014F957 /* SettingViewModel.swift in Sources */,
				02CFFFE82B27514300E7FF0B /* SettingViewController.swift in Sources */,
				021443032B09F75500CC1CCB /* SceneDelegate.swift in Sources */,
				024CAA0C2B31AE3400AE6C0E /* KeychainItemManager.swift in Sources */,
				02C813872B0F7AB400CCA68B /* Stock.swift in Sources */,
			);
			runOnlyForDeploymentPostprocessing = 0;
		};
		0214430F2B09F75600CC1CCB /* Sources */ = {
			isa = PBXSourcesBuildPhase;
			buildActionMask = 2147483647;
			files = (
				02B71B0D2B50359B00BCEB78 /* AppleLoginHelperTests.swift in Sources */,
				0259EB8A2B333A230067A9D6 /* LoginViewModelTests.swift in Sources */,
			);
			runOnlyForDeploymentPostprocessing = 0;
		};
		021443192B09F75600CC1CCB /* Sources */ = {
			isa = PBXSourcesBuildPhase;
			buildActionMask = 2147483647;
			files = (
				021443222B09F75600CC1CCB /* orange_stock_iosUITests.swift in Sources */,
				021443242B09F75600CC1CCB /* orange_stock_iosUITestsLaunchTests.swift in Sources */,
			);
			runOnlyForDeploymentPostprocessing = 0;
		};
/* End PBXSourcesBuildPhase section */

/* Begin PBXTargetDependency section */
		021443152B09F75600CC1CCB /* PBXTargetDependency */ = {
			isa = PBXTargetDependency;
			target = 021442FC2B09F75500CC1CCB /* orange-stock-ios */;
			targetProxy = 021443142B09F75600CC1CCB /* PBXContainerItemProxy */;
		};
		0214431F2B09F75600CC1CCB /* PBXTargetDependency */ = {
			isa = PBXTargetDependency;
			target = 021442FC2B09F75500CC1CCB /* orange-stock-ios */;
			targetProxy = 0214431E2B09F75600CC1CCB /* PBXContainerItemProxy */;
		};
/* End PBXTargetDependency section */

/* Begin PBXVariantGroup section */
		0214430B2B09F75600CC1CCB /* LaunchScreen.storyboard */ = {
			isa = PBXVariantGroup;
			children = (
				0214430C2B09F75600CC1CCB /* Base */,
			);
			name = LaunchScreen.storyboard;
			sourceTree = "<group>";
		};
/* End PBXVariantGroup section */

/* Begin XCBuildConfiguration section */
		021443252B09F75600CC1CCB /* Debug */ = {
			isa = XCBuildConfiguration;
			baseConfigurationReference = 02374CBA2B1C1BA600EDB23D /* Config.xcconfig */;
			buildSettings = {
				ALWAYS_SEARCH_USER_PATHS = NO;
				CLANG_ANALYZER_NONNULL = YES;
				CLANG_ANALYZER_NUMBER_OBJECT_CONVERSION = YES_AGGRESSIVE;
				CLANG_CXX_LANGUAGE_STANDARD = "gnu++20";
				CLANG_ENABLE_MODULES = YES;
				CLANG_ENABLE_OBJC_ARC = YES;
				CLANG_ENABLE_OBJC_WEAK = YES;
				CLANG_WARN_BLOCK_CAPTURE_AUTORELEASING = YES;
				CLANG_WARN_BOOL_CONVERSION = YES;
				CLANG_WARN_COMMA = YES;
				CLANG_WARN_CONSTANT_CONVERSION = YES;
				CLANG_WARN_DEPRECATED_OBJC_IMPLEMENTATIONS = YES;
				CLANG_WARN_DIRECT_OBJC_ISA_USAGE = YES_ERROR;
				CLANG_WARN_DOCUMENTATION_COMMENTS = YES;
				CLANG_WARN_EMPTY_BODY = YES;
				CLANG_WARN_ENUM_CONVERSION = YES;
				CLANG_WARN_INFINITE_RECURSION = YES;
				CLANG_WARN_INT_CONVERSION = YES;
				CLANG_WARN_NON_LITERAL_NULL_CONVERSION = YES;
				CLANG_WARN_OBJC_IMPLICIT_RETAIN_SELF = YES;
				CLANG_WARN_OBJC_LITERAL_CONVERSION = YES;
				CLANG_WARN_OBJC_ROOT_CLASS = YES_ERROR;
				CLANG_WARN_QUOTED_INCLUDE_IN_FRAMEWORK_HEADER = YES;
				CLANG_WARN_RANGE_LOOP_ANALYSIS = YES;
				CLANG_WARN_STRICT_PROTOTYPES = YES;
				CLANG_WARN_SUSPICIOUS_MOVE = YES;
				CLANG_WARN_UNGUARDED_AVAILABILITY = YES_AGGRESSIVE;
				CLANG_WARN_UNREACHABLE_CODE = YES;
				CLANG_WARN__DUPLICATE_METHOD_MATCH = YES;
				COPY_PHASE_STRIP = NO;
				DEBUG_INFORMATION_FORMAT = dwarf;
				ENABLE_STRICT_OBJC_MSGSEND = YES;
				ENABLE_TESTABILITY = YES;
				GCC_C_LANGUAGE_STANDARD = gnu11;
				GCC_DYNAMIC_NO_PIC = NO;
				GCC_NO_COMMON_BLOCKS = YES;
				GCC_OPTIMIZATION_LEVEL = 0;
				GCC_PREPROCESSOR_DEFINITIONS = (
					"DEBUG=1",
					"$(inherited)",
				);
				GCC_WARN_64_TO_32_BIT_CONVERSION = YES;
				GCC_WARN_ABOUT_RETURN_TYPE = YES_ERROR;
				GCC_WARN_UNDECLARED_SELECTOR = YES;
				GCC_WARN_UNINITIALIZED_AUTOS = YES_AGGRESSIVE;
				GCC_WARN_UNUSED_FUNCTION = YES;
				GCC_WARN_UNUSED_VARIABLE = YES;
				IPHONEOS_DEPLOYMENT_TARGET = 13.0;
				MTL_ENABLE_DEBUG_INFO = INCLUDE_SOURCE;
				MTL_FAST_MATH = YES;
				ONLY_ACTIVE_ARCH = YES;
				SDKROOT = iphoneos;
				SWIFT_ACTIVE_COMPILATION_CONDITIONS = DEBUG;
				SWIFT_OPTIMIZATION_LEVEL = "-Onone";
			};
			name = Debug;
		};
		021443262B09F75600CC1CCB /* Release */ = {
			isa = XCBuildConfiguration;
			baseConfigurationReference = 02374CBA2B1C1BA600EDB23D /* Config.xcconfig */;
			buildSettings = {
				ALWAYS_SEARCH_USER_PATHS = NO;
				CLANG_ANALYZER_NONNULL = YES;
				CLANG_ANALYZER_NUMBER_OBJECT_CONVERSION = YES_AGGRESSIVE;
				CLANG_CXX_LANGUAGE_STANDARD = "gnu++20";
				CLANG_ENABLE_MODULES = YES;
				CLANG_ENABLE_OBJC_ARC = YES;
				CLANG_ENABLE_OBJC_WEAK = YES;
				CLANG_WARN_BLOCK_CAPTURE_AUTORELEASING = YES;
				CLANG_WARN_BOOL_CONVERSION = YES;
				CLANG_WARN_COMMA = YES;
				CLANG_WARN_CONSTANT_CONVERSION = YES;
				CLANG_WARN_DEPRECATED_OBJC_IMPLEMENTATIONS = YES;
				CLANG_WARN_DIRECT_OBJC_ISA_USAGE = YES_ERROR;
				CLANG_WARN_DOCUMENTATION_COMMENTS = YES;
				CLANG_WARN_EMPTY_BODY = YES;
				CLANG_WARN_ENUM_CONVERSION = YES;
				CLANG_WARN_INFINITE_RECURSION = YES;
				CLANG_WARN_INT_CONVERSION = YES;
				CLANG_WARN_NON_LITERAL_NULL_CONVERSION = YES;
				CLANG_WARN_OBJC_IMPLICIT_RETAIN_SELF = YES;
				CLANG_WARN_OBJC_LITERAL_CONVERSION = YES;
				CLANG_WARN_OBJC_ROOT_CLASS = YES_ERROR;
				CLANG_WARN_QUOTED_INCLUDE_IN_FRAMEWORK_HEADER = YES;
				CLANG_WARN_RANGE_LOOP_ANALYSIS = YES;
				CLANG_WARN_STRICT_PROTOTYPES = YES;
				CLANG_WARN_SUSPICIOUS_MOVE = YES;
				CLANG_WARN_UNGUARDED_AVAILABILITY = YES_AGGRESSIVE;
				CLANG_WARN_UNREACHABLE_CODE = YES;
				CLANG_WARN__DUPLICATE_METHOD_MATCH = YES;
				COPY_PHASE_STRIP = NO;
				DEBUG_INFORMATION_FORMAT = "dwarf-with-dsym";
				ENABLE_NS_ASSERTIONS = NO;
				ENABLE_STRICT_OBJC_MSGSEND = YES;
				GCC_C_LANGUAGE_STANDARD = gnu11;
				GCC_NO_COMMON_BLOCKS = YES;
				GCC_WARN_64_TO_32_BIT_CONVERSION = YES;
				GCC_WARN_ABOUT_RETURN_TYPE = YES_ERROR;
				GCC_WARN_UNDECLARED_SELECTOR = YES;
				GCC_WARN_UNINITIALIZED_AUTOS = YES_AGGRESSIVE;
				GCC_WARN_UNUSED_FUNCTION = YES;
				GCC_WARN_UNUSED_VARIABLE = YES;
				IPHONEOS_DEPLOYMENT_TARGET = 13.0;
				MTL_ENABLE_DEBUG_INFO = NO;
				MTL_FAST_MATH = YES;
				SDKROOT = iphoneos;
				SWIFT_COMPILATION_MODE = wholemodule;
				SWIFT_OPTIMIZATION_LEVEL = "-O";
				VALIDATE_PRODUCT = YES;
			};
			name = Release;
		};
		021443282B09F75600CC1CCB /* Debug */ = {
			isa = XCBuildConfiguration;
			baseConfigurationReference = 850528631D9B8315C2651EDD /* Pods-orange-stock-ios.debug.xcconfig */;
			buildSettings = {
				ASSETCATALOG_COMPILER_APPICON_NAME = AppIcon;
				ASSETCATALOG_COMPILER_GLOBAL_ACCENT_COLOR_NAME = AccentColor;
				CODE_SIGN_ENTITLEMENTS = "orange-stock-ios/orange-stock-ios.entitlements";
				CODE_SIGN_STYLE = Automatic;
				CURRENT_PROJECT_VERSION = 7;
				DEVELOPMENT_TEAM = 9U3GTR786Y;
				GENERATE_INFOPLIST_FILE = YES;
				INFOPLIST_FILE = "orange-stock-ios/Info.plist";
				INFOPLIST_KEY_UIApplicationSupportsIndirectInputEvents = YES;
				INFOPLIST_KEY_UILaunchStoryboardName = LaunchScreen;
				INFOPLIST_KEY_UIStatusBarStyle = "";
				INFOPLIST_KEY_UISupportedInterfaceOrientations = UIInterfaceOrientationPortrait;
				IPHONEOS_DEPLOYMENT_TARGET = 13.0;
				LD_RUNPATH_SEARCH_PATHS = (
					"$(inherited)",
					"@executable_path/Frameworks",
				);
				MARKETING_VERSION = 1.0.0;
				PRODUCT_BUNDLE_IDENTIFIER = "com.hogang.orange-stock-ios";
				PRODUCT_NAME = "$(TARGET_NAME)";
				SUPPORTED_PLATFORMS = "iphoneos iphonesimulator";
				SUPPORTS_MACCATALYST = NO;
				SUPPORTS_MAC_DESIGNED_FOR_IPHONE_IPAD = NO;
				SWIFT_EMIT_LOC_STRINGS = YES;
				SWIFT_VERSION = 5.0;
				TARGETED_DEVICE_FAMILY = "1,2";
			};
			name = Debug;
		};
		021443292B09F75600CC1CCB /* Release */ = {
			isa = XCBuildConfiguration;
			baseConfigurationReference = 67E0B260897EFE72E68C0148 /* Pods-orange-stock-ios.release.xcconfig */;
			buildSettings = {
				ASSETCATALOG_COMPILER_APPICON_NAME = AppIcon;
				ASSETCATALOG_COMPILER_GLOBAL_ACCENT_COLOR_NAME = AccentColor;
				CODE_SIGN_ENTITLEMENTS = "orange-stock-ios/orange-stock-ios.entitlements";
				CODE_SIGN_STYLE = Automatic;
				CURRENT_PROJECT_VERSION = 7;
				DEVELOPMENT_TEAM = 9U3GTR786Y;
				GENERATE_INFOPLIST_FILE = YES;
				INFOPLIST_FILE = "orange-stock-ios/Info.plist";
				INFOPLIST_KEY_UIApplicationSupportsIndirectInputEvents = YES;
				INFOPLIST_KEY_UILaunchStoryboardName = LaunchScreen;
				INFOPLIST_KEY_UIStatusBarStyle = "";
				INFOPLIST_KEY_UISupportedInterfaceOrientations = UIInterfaceOrientationPortrait;
				IPHONEOS_DEPLOYMENT_TARGET = 13.0;
				LD_RUNPATH_SEARCH_PATHS = (
					"$(inherited)",
					"@executable_path/Frameworks",
				);
				MARKETING_VERSION = 1.0.0;
				PRODUCT_BUNDLE_IDENTIFIER = "com.hogang.orange-stock-ios";
				PRODUCT_NAME = "$(TARGET_NAME)";
				SUPPORTED_PLATFORMS = "iphoneos iphonesimulator";
				SUPPORTS_MACCATALYST = NO;
				SUPPORTS_MAC_DESIGNED_FOR_IPHONE_IPAD = NO;
				SWIFT_EMIT_LOC_STRINGS = YES;
				SWIFT_VERSION = 5.0;
				TARGETED_DEVICE_FAMILY = "1,2";
			};
			name = Release;
		};
		0214432B2B09F75600CC1CCB /* Debug */ = {
			isa = XCBuildConfiguration;
			baseConfigurationReference = 9D00F96417C61B7A8EA24CB3 /* Pods-orange-stock-iosTests.debug.xcconfig */;
			buildSettings = {
				ALWAYS_EMBED_SWIFT_STANDARD_LIBRARIES = YES;
				BUNDLE_LOADER = "$(TEST_HOST)";
				CODE_SIGN_STYLE = Automatic;
				CURRENT_PROJECT_VERSION = 7;
				DEVELOPMENT_TEAM = 9U3GTR786Y;
				GENERATE_INFOPLIST_FILE = YES;
				IPHONEOS_DEPLOYMENT_TARGET = 13.0;
				MARKETING_VERSION = 1.0;
				PRODUCT_BUNDLE_IDENTIFIER = "com.hogang.orange-stock-iosTests";
				PRODUCT_NAME = "$(TARGET_NAME)";
				SWIFT_EMIT_LOC_STRINGS = NO;
				SWIFT_VERSION = 5.0;
				TARGETED_DEVICE_FAMILY = "1,2";
				TEST_HOST = "$(BUILT_PRODUCTS_DIR)/orange-stock-ios.app/$(BUNDLE_EXECUTABLE_FOLDER_PATH)/orange-stock-ios";
			};
			name = Debug;
		};
		0214432C2B09F75600CC1CCB /* Release */ = {
			isa = XCBuildConfiguration;
			baseConfigurationReference = 74FB07840A70C203835051BF /* Pods-orange-stock-iosTests.release.xcconfig */;
			buildSettings = {
				ALWAYS_EMBED_SWIFT_STANDARD_LIBRARIES = YES;
				BUNDLE_LOADER = "$(TEST_HOST)";
				CODE_SIGN_STYLE = Automatic;
				CURRENT_PROJECT_VERSION = 7;
				DEVELOPMENT_TEAM = 9U3GTR786Y;
				GENERATE_INFOPLIST_FILE = YES;
				IPHONEOS_DEPLOYMENT_TARGET = 13.0;
				MARKETING_VERSION = 1.0;
				PRODUCT_BUNDLE_IDENTIFIER = "com.hogang.orange-stock-iosTests";
				PRODUCT_NAME = "$(TARGET_NAME)";
				SWIFT_EMIT_LOC_STRINGS = NO;
				SWIFT_VERSION = 5.0;
				TARGETED_DEVICE_FAMILY = "1,2";
				TEST_HOST = "$(BUILT_PRODUCTS_DIR)/orange-stock-ios.app/$(BUNDLE_EXECUTABLE_FOLDER_PATH)/orange-stock-ios";
			};
			name = Release;
		};
		0214432E2B09F75600CC1CCB /* Debug */ = {
			isa = XCBuildConfiguration;
			baseConfigurationReference = 728728E6E12F342350A9A962 /* Pods-orange-stock-ios-orange-stock-iosUITests.debug.xcconfig */;
			buildSettings = {
				ALWAYS_EMBED_SWIFT_STANDARD_LIBRARIES = YES;
				CODE_SIGN_STYLE = Automatic;
				CURRENT_PROJECT_VERSION = 7;
				DEVELOPMENT_TEAM = 9U3GTR786Y;
				GENERATE_INFOPLIST_FILE = YES;
				MARKETING_VERSION = 1.0;
				PRODUCT_BUNDLE_IDENTIFIER = "com.hogang.orange-stock-iosUITests";
				PRODUCT_NAME = "$(TARGET_NAME)";
				SWIFT_EMIT_LOC_STRINGS = NO;
				SWIFT_VERSION = 5.0;
				TARGETED_DEVICE_FAMILY = "1,2";
				TEST_TARGET_NAME = "orange-stock-ios";
			};
			name = Debug;
		};
		0214432F2B09F75600CC1CCB /* Release */ = {
			isa = XCBuildConfiguration;
			baseConfigurationReference = 12590DDF035F1CCC712EAF1D /* Pods-orange-stock-ios-orange-stock-iosUITests.release.xcconfig */;
			buildSettings = {
				ALWAYS_EMBED_SWIFT_STANDARD_LIBRARIES = YES;
				CODE_SIGN_STYLE = Automatic;
				CURRENT_PROJECT_VERSION = 7;
				DEVELOPMENT_TEAM = 9U3GTR786Y;
				GENERATE_INFOPLIST_FILE = YES;
				MARKETING_VERSION = 1.0;
				PRODUCT_BUNDLE_IDENTIFIER = "com.hogang.orange-stock-iosUITests";
				PRODUCT_NAME = "$(TARGET_NAME)";
				SWIFT_EMIT_LOC_STRINGS = NO;
				SWIFT_VERSION = 5.0;
				TARGETED_DEVICE_FAMILY = "1,2";
				TEST_TARGET_NAME = "orange-stock-ios";
			};
			name = Release;
		};
/* End XCBuildConfiguration section */

/* Begin XCConfigurationList section */
		021442F82B09F75500CC1CCB /* Build configuration list for PBXProject "orange-stock-ios" */ = {
			isa = XCConfigurationList;
			buildConfigurations = (
				021443252B09F75600CC1CCB /* Debug */,
				021443262B09F75600CC1CCB /* Release */,
			);
			defaultConfigurationIsVisible = 0;
			defaultConfigurationName = Release;
		};
		021443272B09F75600CC1CCB /* Build configuration list for PBXNativeTarget "orange-stock-ios" */ = {
			isa = XCConfigurationList;
			buildConfigurations = (
				021443282B09F75600CC1CCB /* Debug */,
				021443292B09F75600CC1CCB /* Release */,
			);
			defaultConfigurationIsVisible = 0;
			defaultConfigurationName = Release;
		};
		0214432A2B09F75600CC1CCB /* Build configuration list for PBXNativeTarget "orange-stock-iosTests" */ = {
			isa = XCConfigurationList;
			buildConfigurations = (
				0214432B2B09F75600CC1CCB /* Debug */,
				0214432C2B09F75600CC1CCB /* Release */,
			);
			defaultConfigurationIsVisible = 0;
			defaultConfigurationName = Release;
		};
		0214432D2B09F75600CC1CCB /* Build configuration list for PBXNativeTarget "orange-stock-iosUITests" */ = {
			isa = XCConfigurationList;
			buildConfigurations = (
				0214432E2B09F75600CC1CCB /* Debug */,
				0214432F2B09F75600CC1CCB /* Release */,
			);
			defaultConfigurationIsVisible = 0;
			defaultConfigurationName = Release;
		};
/* End XCConfigurationList section */

/* Begin XCRemoteSwiftPackageReference section */
		02FA12652B0B742D006A546F /* XCRemoteSwiftPackageReference "SnapKit" */ = {
			isa = XCRemoteSwiftPackageReference;
			repositoryURL = "https://github.com/SnapKit/SnapKit.git";
			requirement = {
				kind = upToNextMajorVersion;
				minimumVersion = 5.0.0;
			};
		};
/* End XCRemoteSwiftPackageReference section */

/* Begin XCSwiftPackageProductDependency section */
		02FA12662B0B742D006A546F /* SnapKit */ = {
			isa = XCSwiftPackageProductDependency;
			package = 02FA12652B0B742D006A546F /* XCRemoteSwiftPackageReference "SnapKit" */;
			productName = SnapKit;
		};
/* End XCSwiftPackageProductDependency section */
	};
	rootObject = 021442F52B09F75500CC1CCB /* Project object */;
}
